
Microsoft Visual Studio Solution File, Format Version 12.00
# Visual Studio Version 17
VisualStudioVersion = 17.8.34408.163
MinimumVisualStudioVersion = 10.0.40219.1
Project("{FAE04EC0-301F-11D3-BF4B-00C04F79EFBC}") = "Jan31", "Jan31\Jan31.csproj", "{A2F28B59-CD5E-439F-A9CA-A3E3890D3923}"
EndProject
Global
	GlobalSection(SolutionConfigurationPlatforms) = preSolution
		Debug|Any CPU = Debug|Any CPU
		Release|Any CPU = Release|Any CPU
	EndGlobalSection
	GlobalSection(ProjectConfigurationPlatforms) = postSolution
		{A2F28B59-CD5E-439F-A9CA-A3E3890D3923}.Debug|Any CPU.ActiveCfg = Debug|Any CPU
		{A2F28B59-CD5E-439F-A9CA-A3E3890D3923}.Debug|Any CPU.Build.0 = Debug|Any CPU
		{A2F28B59-CD5E-439F-A9CA-A3E3890D3923}.Release|Any CPU.ActiveCfg = Release|Any CPU
		{A2F28B59-CD5E-439F-A9CA-A3E3890D3923}.Release|Any CPU.Build.0 = Release|Any CPU
	EndGlobalSection
	GlobalSection(SolutionProperties) = preSolution
		HideSolutionNode = FALSE
	EndGlobalSection
	GlobalSection(ExtensibilityGlobals) = postSolution
		SolutionGuid = {1D85E743-2724-42A5-8132-EA8C1DD65364}
	EndGlobalSection
EndGlobal
